
Microsoft Visual Studio Solution File, Format Version 12.00
# Visual Studio Version 17
VisualStudioVersion = 17.4.33205.214
MinimumVisualStudioVersion = 10.0.40219.1
Project("{2150E333-8FDC-42A3-9474-1A3956D46DE8}") = "Data", "Data", "{A26C2D50-B551-4315-8F22-1185733516D5}"
EndProject
Project("{2150E333-8FDC-42A3-9474-1A3956D46DE8}") = "Services", "Services", "{75A81E56-F044-4768-B27F-399F60D73487}"
EndProject
Project("{2150E333-8FDC-42A3-9474-1A3956D46DE8}") = "Shared", "Shared", "{396A76A8-EA0E-400B-A4D5-79415BF83F76}"
EndProject
Project("{2150E333-8FDC-42A3-9474-1A3956D46DE8}") = "Systems", "Systems", "{F86712B0-1132-45E6-A324-61C1AE5D56D4}"
EndProject
Project("{9A19103F-16F7-4668-BE54-9A1E7A4F7556}") = "Rewriting.API", "Systems\Rewriting.API\Rewriting.API.csproj", "{16A2D659-99AF-4276-9B4B-39D9F6E2CC0D}"
EndProject
Project("{E53339B2-1760-4266-BCC7-CA923CBCF16C}") = "docker-compose", "docker-compose.dcproj", "{E220AB7B-430F-4B16-8546-1CFCACC818E8}"
EndProject
Project("{9A19103F-16F7-4668-BE54-9A1E7A4F7556}") = "Rewriting.Settings", "Shared\Rewriting.SettingsLoader\Rewriting.Settings.csproj", "{C65775E9-B3C4-480E-B326-11625FDFF0D8}"
EndProject
Project("{9A19103F-16F7-4668-BE54-9A1E7A4F7556}") = "Rewriting.Context.Entities", "Data\Rewriting.Context.Entities\Rewriting.Context.Entities.csproj", "{B9554DA2-8FA4-4BE1-9D4E-21947948613E}"
EndProject
Project("{9A19103F-16F7-4668-BE54-9A1E7A4F7556}") = "Rewriting.Context", "Data\Rewriting.Context\Rewriting.Context.csproj", "{03815568-88FB-42CA-A603-A10D5EE296AA}"
EndProject
Project("{2150E333-8FDC-42A3-9474-1A3956D46DE8}") = "Migrations", "Migrations", "{F2F87DCD-5B9F-4B7F-9E1C-EC08B1F98A0C}"
EndProject
Project("{9A19103F-16F7-4668-BE54-9A1E7A4F7556}") = "Rewriting.Context.Migrations", "Data\Rewriting.Context.Migrations\Rewriting.Context.Migrations.csproj", "{DFD82E08-3238-421B-9F4C-2FF9A6969ECD}"
EndProject
Project("{9A19103F-16F7-4668-BE54-9A1E7A4F7556}") = "Rewriting.Identity", "Systems\Rewriting.Identity\Rewriting.Identity.csproj", "{AA441C24-61C2-46E4-AB92-34E30528778D}"
EndProject
Project("{9A19103F-16F7-4668-BE54-9A1E7A4F7556}") = "Rewriting.Common", "Shared\Rewriting.Common\Rewriting.Common.csproj", "{1831F267-A7B4-4CF0-A267-62CBCDAAB839}"
EndProject
Project("{9A19103F-16F7-4668-BE54-9A1E7A4F7556}") = "Rewriting.Services.UserAccount", "Services\Rewriting.Services.UserAccount\Rewriting.Services.UserAccount.csproj", "{A061EA76-4EFF-444F-B058-87657E9B6D57}"
EndProject
Project("{9A19103F-16F7-4668-BE54-9A1E7A4F7556}") = "Rewriting.Services.Orders", "Services\Rewriting.Services.Orders\Rewriting.Services.Orders.csproj", "{7B25EC81-EB33-4AE3-930F-EB7166870C9F}"
EndProject
Project("{2150E333-8FDC-42A3-9474-1A3956D46DE8}") = "Tests", "Tests", "{0BE39028-8ACE-4C2A-BB5F-94761E1385AE}"
EndProject
Project("{2150E333-8FDC-42A3-9474-1A3956D46DE8}") = "Services", "Services", "{CD37103D-787D-458C-BC43-B2F453044FFD}"
EndProject
Project("{9A19103F-16F7-4668-BE54-9A1E7A4F7556}") = "Rewriting.Services.Orders.Tests", "Tests\Services\Rewriting.Services.Orders.Tests\Rewriting.Services.Orders.Tests.csproj", "{C9ADB2A9-3A9A-4DBF-BA44-D839B7879564}"
EndProject
Project("{9A19103F-16F7-4668-BE54-9A1E7A4F7556}") = "Rewriting.Services.Offers", "Services\Rewriting.Services.Offers\Rewriting.Services.Offers.csproj", "{24C43AD3-07D9-43F4-A3B1-CFCFA4C7FCCF}"
EndProject
Project("{9A19103F-16F7-4668-BE54-9A1E7A4F7556}") = "Rewriting.Services.Contracts", "Services\Rewriting.Services.Contracts\Rewriting.Services.Contracts.csproj", "{2ABCB212-3A31-4095-A228-CAAE64D50094}"
EndProject
Project("{9A19103F-16F7-4668-BE54-9A1E7A4F7556}") = "Rewriting.Services.Notifications", "Services\Rewriting.Services.Notifications\Rewriting.Services.Notifications.csproj", "{5AACADFB-FA0C-4167-B7F2-D1CC068ECD11}"
EndProject
Project("{9A19103F-16F7-4668-BE54-9A1E7A4F7556}") = "Rewriting.Services.RabbitMQ", "Services\Rewriting.Services.RabbitMQ\Rewriting.Services.RabbitMQ.csproj", "{1C2205C4-3DA6-446B-A385-F6EFE287000B}"
EndProject
Project("{9A19103F-16F7-4668-BE54-9A1E7A4F7556}") = "Rewriting.Services.Email", "Services\Rewriting.Services.Email\Rewriting.Services.Email.csproj", "{6B8A5474-3F4E-4F98-9031-A4404C67CA7E}"
EndProject
Project("{9A19103F-16F7-4668-BE54-9A1E7A4F7556}") = "Rewriting.Services.SmtpSender", "Services\Rewriting.Services.SmtpSender\Rewriting.Services.SmtpSender.csproj", "{B00B08F5-7D7E-40E1-AE0B-28320C43BC53}"
EndProject
Project("{9A19103F-16F7-4668-BE54-9A1E7A4F7556}") = "Rewriting.Worker", "Systems\Rewriting.Worker\Rewriting.Worker.csproj", "{63F7B9CB-B7E3-45C5-AE78-4EB15BC59C08}"
EndProject
Project("{9A19103F-16F7-4668-BE54-9A1E7A4F7556}") = "Rewriting.WebApp", "Systems\Rewriting.WebApp\Rewriting.WebApp.csproj", "{FEFCF8B1-ED00-46A8-92A7-156E6DC7C81D}"
EndProject
Project("{9A19103F-16F7-4668-BE54-9A1E7A4F7556}") = "Rewriting.Services.Cache", "Services\Rewriting.Services.Cache\Rewriting.Services.Cache.csproj", "{FDE65881-4F05-4305-AE8A-CFCA225BEE38}"
EndProject
Project("{9A19103F-16F7-4668-BE54-9A1E7A4F7556}") = "Rewriting.Services.TextComparer", "Services\Rewriting.Services.TextComparer\Rewriting.Services.TextComparer.csproj", "{C11D2C34-E55B-4AD9-B323-6EC75E21AEB4}"
EndProject
Project("{FAE04EC0-301F-11D3-BF4B-00C04F79EFBC}") = "Rewriting.Services.TextComparer.Tests", "Tests\Services\Rewriting.Services.TextComparer.Tests\Rewriting.Services.TextComparer.Tests.csproj", "{6AD14F70-2356-439F-8EDE-DEC64B93CC6D}"
EndProject
Project("{FAE04EC0-301F-11D3-BF4B-00C04F79EFBC}") = "Rewriting.TextComparerWorker", "Systems\Rewriting.TextComparerWorker\Rewriting.TextComparerWorker.csproj", "{4226A773-B34D-402E-A445-5424898495EF}"
EndProject
Global
	GlobalSection(SolutionConfigurationPlatforms) = preSolution
		Debug|Any CPU = Debug|Any CPU
		Release|Any CPU = Release|Any CPU
	EndGlobalSection
	GlobalSection(ProjectConfigurationPlatforms) = postSolution
		{16A2D659-99AF-4276-9B4B-39D9F6E2CC0D}.Debug|Any CPU.ActiveCfg = Debug|Any CPU
		{16A2D659-99AF-4276-9B4B-39D9F6E2CC0D}.Debug|Any CPU.Build.0 = Debug|Any CPU
		{16A2D659-99AF-4276-9B4B-39D9F6E2CC0D}.Release|Any CPU.ActiveCfg = Release|Any CPU
		{16A2D659-99AF-4276-9B4B-39D9F6E2CC0D}.Release|Any CPU.Build.0 = Release|Any CPU
		{E220AB7B-430F-4B16-8546-1CFCACC818E8}.Debug|Any CPU.ActiveCfg = Debug|Any CPU
		{E220AB7B-430F-4B16-8546-1CFCACC818E8}.Debug|Any CPU.Build.0 = Debug|Any CPU
		{E220AB7B-430F-4B16-8546-1CFCACC818E8}.Release|Any CPU.ActiveCfg = Release|Any CPU
		{E220AB7B-430F-4B16-8546-1CFCACC818E8}.Release|Any CPU.Build.0 = Release|Any CPU
		{C65775E9-B3C4-480E-B326-11625FDFF0D8}.Debug|Any CPU.ActiveCfg = Debug|Any CPU
		{C65775E9-B3C4-480E-B326-11625FDFF0D8}.Debug|Any CPU.Build.0 = Debug|Any CPU
		{C65775E9-B3C4-480E-B326-11625FDFF0D8}.Release|Any CPU.ActiveCfg = Release|Any CPU
		{C65775E9-B3C4-480E-B326-11625FDFF0D8}.Release|Any CPU.Build.0 = Release|Any CPU
		{B9554DA2-8FA4-4BE1-9D4E-21947948613E}.Debug|Any CPU.ActiveCfg = Debug|Any CPU
		{B9554DA2-8FA4-4BE1-9D4E-21947948613E}.Debug|Any CPU.Build.0 = Debug|Any CPU
		{B9554DA2-8FA4-4BE1-9D4E-21947948613E}.Release|Any CPU.ActiveCfg = Release|Any CPU
		{B9554DA2-8FA4-4BE1-9D4E-21947948613E}.Release|Any CPU.Build.0 = Release|Any CPU
		{03815568-88FB-42CA-A603-A10D5EE296AA}.Debug|Any CPU.ActiveCfg = Debug|Any CPU
		{03815568-88FB-42CA-A603-A10D5EE296AA}.Debug|Any CPU.Build.0 = Debug|Any CPU
		{03815568-88FB-42CA-A603-A10D5EE296AA}.Release|Any CPU.ActiveCfg = Release|Any CPU
		{03815568-88FB-42CA-A603-A10D5EE296AA}.Release|Any CPU.Build.0 = Release|Any CPU
		{DFD82E08-3238-421B-9F4C-2FF9A6969ECD}.Debug|Any CPU.ActiveCfg = Debug|Any CPU
		{DFD82E08-3238-421B-9F4C-2FF9A6969ECD}.Debug|Any CPU.Build.0 = Debug|Any CPU
		{DFD82E08-3238-421B-9F4C-2FF9A6969ECD}.Release|Any CPU.ActiveCfg = Release|Any CPU
		{DFD82E08-3238-421B-9F4C-2FF9A6969ECD}.Release|Any CPU.Build.0 = Release|Any CPU
		{AA441C24-61C2-46E4-AB92-34E30528778D}.Debug|Any CPU.ActiveCfg = Debug|Any CPU
		{AA441C24-61C2-46E4-AB92-34E30528778D}.Debug|Any CPU.Build.0 = Debug|Any CPU
		{AA441C24-61C2-46E4-AB92-34E30528778D}.Release|Any CPU.ActiveCfg = Release|Any CPU
		{AA441C24-61C2-46E4-AB92-34E30528778D}.Release|Any CPU.Build.0 = Release|Any CPU
		{1831F267-A7B4-4CF0-A267-62CBCDAAB839}.Debug|Any CPU.ActiveCfg = Debug|Any CPU
		{1831F267-A7B4-4CF0-A267-62CBCDAAB839}.Debug|Any CPU.Build.0 = Debug|Any CPU
		{1831F267-A7B4-4CF0-A267-62CBCDAAB839}.Release|Any CPU.ActiveCfg = Release|Any CPU
		{1831F267-A7B4-4CF0-A267-62CBCDAAB839}.Release|Any CPU.Build.0 = Release|Any CPU
		{A061EA76-4EFF-444F-B058-87657E9B6D57}.Debug|Any CPU.ActiveCfg = Debug|Any CPU
		{A061EA76-4EFF-444F-B058-87657E9B6D57}.Debug|Any CPU.Build.0 = Debug|Any CPU
		{A061EA76-4EFF-444F-B058-87657E9B6D57}.Release|Any CPU.ActiveCfg = Release|Any CPU
		{A061EA76-4EFF-444F-B058-87657E9B6D57}.Release|Any CPU.Build.0 = Release|Any CPU
		{7B25EC81-EB33-4AE3-930F-EB7166870C9F}.Debug|Any CPU.ActiveCfg = Debug|Any CPU
		{7B25EC81-EB33-4AE3-930F-EB7166870C9F}.Debug|Any CPU.Build.0 = Debug|Any CPU
		{7B25EC81-EB33-4AE3-930F-EB7166870C9F}.Release|Any CPU.ActiveCfg = Release|Any CPU
		{7B25EC81-EB33-4AE3-930F-EB7166870C9F}.Release|Any CPU.Build.0 = Release|Any CPU
		{C9ADB2A9-3A9A-4DBF-BA44-D839B7879564}.Debug|Any CPU.ActiveCfg = Debug|Any CPU
		{C9ADB2A9-3A9A-4DBF-BA44-D839B7879564}.Debug|Any CPU.Build.0 = Debug|Any CPU
		{C9ADB2A9-3A9A-4DBF-BA44-D839B7879564}.Release|Any CPU.ActiveCfg = Release|Any CPU
		{C9ADB2A9-3A9A-4DBF-BA44-D839B7879564}.Release|Any CPU.Build.0 = Release|Any CPU
		{24C43AD3-07D9-43F4-A3B1-CFCFA4C7FCCF}.Debug|Any CPU.ActiveCfg = Debug|Any CPU
		{24C43AD3-07D9-43F4-A3B1-CFCFA4C7FCCF}.Debug|Any CPU.Build.0 = Debug|Any CPU
		{24C43AD3-07D9-43F4-A3B1-CFCFA4C7FCCF}.Release|Any CPU.ActiveCfg = Release|Any CPU
		{24C43AD3-07D9-43F4-A3B1-CFCFA4C7FCCF}.Release|Any CPU.Build.0 = Release|Any CPU
		{2ABCB212-3A31-4095-A228-CAAE64D50094}.Debug|Any CPU.ActiveCfg = Debug|Any CPU
		{2ABCB212-3A31-4095-A228-CAAE64D50094}.Debug|Any CPU.Build.0 = Debug|Any CPU
		{2ABCB212-3A31-4095-A228-CAAE64D50094}.Release|Any CPU.ActiveCfg = Release|Any CPU
		{2ABCB212-3A31-4095-A228-CAAE64D50094}.Release|Any CPU.Build.0 = Release|Any CPU
		{5AACADFB-FA0C-4167-B7F2-D1CC068ECD11}.Debug|Any CPU.ActiveCfg = Debug|Any CPU
		{5AACADFB-FA0C-4167-B7F2-D1CC068ECD11}.Debug|Any CPU.Build.0 = Debug|Any CPU
		{5AACADFB-FA0C-4167-B7F2-D1CC068ECD11}.Release|Any CPU.ActiveCfg = Release|Any CPU
		{5AACADFB-FA0C-4167-B7F2-D1CC068ECD11}.Release|Any CPU.Build.0 = Release|Any CPU
		{1C2205C4-3DA6-446B-A385-F6EFE287000B}.Debug|Any CPU.ActiveCfg = Debug|Any CPU
		{1C2205C4-3DA6-446B-A385-F6EFE287000B}.Debug|Any CPU.Build.0 = Debug|Any CPU
		{1C2205C4-3DA6-446B-A385-F6EFE287000B}.Release|Any CPU.ActiveCfg = Release|Any CPU
		{1C2205C4-3DA6-446B-A385-F6EFE287000B}.Release|Any CPU.Build.0 = Release|Any CPU
		{6B8A5474-3F4E-4F98-9031-A4404C67CA7E}.Debug|Any CPU.ActiveCfg = Debug|Any CPU
		{6B8A5474-3F4E-4F98-9031-A4404C67CA7E}.Debug|Any CPU.Build.0 = Debug|Any CPU
		{6B8A5474-3F4E-4F98-9031-A4404C67CA7E}.Release|Any CPU.ActiveCfg = Release|Any CPU
		{6B8A5474-3F4E-4F98-9031-A4404C67CA7E}.Release|Any CPU.Build.0 = Release|Any CPU
		{B00B08F5-7D7E-40E1-AE0B-28320C43BC53}.Debug|Any CPU.ActiveCfg = Debug|Any CPU
		{B00B08F5-7D7E-40E1-AE0B-28320C43BC53}.Debug|Any CPU.Build.0 = Debug|Any CPU
		{B00B08F5-7D7E-40E1-AE0B-28320C43BC53}.Release|Any CPU.ActiveCfg = Release|Any CPU
		{B00B08F5-7D7E-40E1-AE0B-28320C43BC53}.Release|Any CPU.Build.0 = Release|Any CPU
		{63F7B9CB-B7E3-45C5-AE78-4EB15BC59C08}.Debug|Any CPU.ActiveCfg = Debug|Any CPU
		{63F7B9CB-B7E3-45C5-AE78-4EB15BC59C08}.Debug|Any CPU.Build.0 = Debug|Any CPU
		{63F7B9CB-B7E3-45C5-AE78-4EB15BC59C08}.Release|Any CPU.ActiveCfg = Release|Any CPU
		{63F7B9CB-B7E3-45C5-AE78-4EB15BC59C08}.Release|Any CPU.Build.0 = Release|Any CPU
		{FEFCF8B1-ED00-46A8-92A7-156E6DC7C81D}.Debug|Any CPU.ActiveCfg = Debug|Any CPU
		{FEFCF8B1-ED00-46A8-92A7-156E6DC7C81D}.Debug|Any CPU.Build.0 = Debug|Any CPU
		{FEFCF8B1-ED00-46A8-92A7-156E6DC7C81D}.Release|Any CPU.ActiveCfg = Release|Any CPU
		{FEFCF8B1-ED00-46A8-92A7-156E6DC7C81D}.Release|Any CPU.Build.0 = Release|Any CPU
		{FDE65881-4F05-4305-AE8A-CFCA225BEE38}.Debug|Any CPU.ActiveCfg = Debug|Any CPU
		{FDE65881-4F05-4305-AE8A-CFCA225BEE38}.Debug|Any CPU.Build.0 = Debug|Any CPU
		{FDE65881-4F05-4305-AE8A-CFCA225BEE38}.Release|Any CPU.ActiveCfg = Release|Any CPU
		{FDE65881-4F05-4305-AE8A-CFCA225BEE38}.Release|Any CPU.Build.0 = Release|Any CPU
		{C11D2C34-E55B-4AD9-B323-6EC75E21AEB4}.Debug|Any CPU.ActiveCfg = Debug|Any CPU
		{C11D2C34-E55B-4AD9-B323-6EC75E21AEB4}.Debug|Any CPU.Build.0 = Debug|Any CPU
		{C11D2C34-E55B-4AD9-B323-6EC75E21AEB4}.Release|Any CPU.ActiveCfg = Release|Any CPU
		{C11D2C34-E55B-4AD9-B323-6EC75E21AEB4}.Release|Any CPU.Build.0 = Release|Any CPU
		{6AD14F70-2356-439F-8EDE-DEC64B93CC6D}.Debug|Any CPU.ActiveCfg = Debug|Any CPU
		{6AD14F70-2356-439F-8EDE-DEC64B93CC6D}.Debug|Any CPU.Build.0 = Debug|Any CPU
		{6AD14F70-2356-439F-8EDE-DEC64B93CC6D}.Release|Any CPU.ActiveCfg = Release|Any CPU
		{6AD14F70-2356-439F-8EDE-DEC64B93CC6D}.Release|Any CPU.Build.0 = Release|Any CPU
		{4226A773-B34D-402E-A445-5424898495EF}.Debug|Any CPU.ActiveCfg = Debug|Any CPU
		{4226A773-B34D-402E-A445-5424898495EF}.Debug|Any CPU.Build.0 = Debug|Any CPU
		{4226A773-B34D-402E-A445-5424898495EF}.Release|Any CPU.ActiveCfg = Release|Any CPU
		{4226A773-B34D-402E-A445-5424898495EF}.Release|Any CPU.Build.0 = Release|Any CPU
	EndGlobalSection
	GlobalSection(SolutionProperties) = preSolution
		HideSolutionNode = FALSE
	EndGlobalSection
	GlobalSection(NestedProjects) = preSolution
		{16A2D659-99AF-4276-9B4B-39D9F6E2CC0D} = {F86712B0-1132-45E6-A324-61C1AE5D56D4}
		{C65775E9-B3C4-480E-B326-11625FDFF0D8} = {396A76A8-EA0E-400B-A4D5-79415BF83F76}
		{B9554DA2-8FA4-4BE1-9D4E-21947948613E} = {A26C2D50-B551-4315-8F22-1185733516D5}
		{03815568-88FB-42CA-A603-A10D5EE296AA} = {A26C2D50-B551-4315-8F22-1185733516D5}
		{F2F87DCD-5B9F-4B7F-9E1C-EC08B1F98A0C} = {A26C2D50-B551-4315-8F22-1185733516D5}
		{DFD82E08-3238-421B-9F4C-2FF9A6969ECD} = {F2F87DCD-5B9F-4B7F-9E1C-EC08B1F98A0C}
		{AA441C24-61C2-46E4-AB92-34E30528778D} = {F86712B0-1132-45E6-A324-61C1AE5D56D4}
		{1831F267-A7B4-4CF0-A267-62CBCDAAB839} = {396A76A8-EA0E-400B-A4D5-79415BF83F76}
		{A061EA76-4EFF-444F-B058-87657E9B6D57} = {75A81E56-F044-4768-B27F-399F60D73487}
		{7B25EC81-EB33-4AE3-930F-EB7166870C9F} = {75A81E56-F044-4768-B27F-399F60D73487}
		{CD37103D-787D-458C-BC43-B2F453044FFD} = {0BE39028-8ACE-4C2A-BB5F-94761E1385AE}
		{C9ADB2A9-3A9A-4DBF-BA44-D839B7879564} = {CD37103D-787D-458C-BC43-B2F453044FFD}
		{24C43AD3-07D9-43F4-A3B1-CFCFA4C7FCCF} = {75A81E56-F044-4768-B27F-399F60D73487}
		{2ABCB212-3A31-4095-A228-CAAE64D50094} = {75A81E56-F044-4768-B27F-399F60D73487}
		{5AACADFB-FA0C-4167-B7F2-D1CC068ECD11} = {75A81E56-F044-4768-B27F-399F60D73487}
		{1C2205C4-3DA6-446B-A385-F6EFE287000B} = {75A81E56-F044-4768-B27F-399F60D73487}
		{6B8A5474-3F4E-4F98-9031-A4404C67CA7E} = {75A81E56-F044-4768-B27F-399F60D73487}
		{B00B08F5-7D7E-40E1-AE0B-28320C43BC53} = {75A81E56-F044-4768-B27F-399F60D73487}
		{63F7B9CB-B7E3-45C5-AE78-4EB15BC59C08} = {F86712B0-1132-45E6-A324-61C1AE5D56D4}
		{FEFCF8B1-ED00-46A8-92A7-156E6DC7C81D} = {F86712B0-1132-45E6-A324-61C1AE5D56D4}
		{FDE65881-4F05-4305-AE8A-CFCA225BEE38} = {75A81E56-F044-4768-B27F-399F60D73487}
		{C11D2C34-E55B-4AD9-B323-6EC75E21AEB4} = {75A81E56-F044-4768-B27F-399F60D73487}
		{6AD14F70-2356-439F-8EDE-DEC64B93CC6D} = {CD37103D-787D-458C-BC43-B2F453044FFD}
		{4226A773-B34D-402E-A445-5424898495EF} = {F86712B0-1132-45E6-A324-61C1AE5D56D4}
	EndGlobalSection
	GlobalSection(ExtensibilityGlobals) = postSolution
		SolutionGuid = {7AC02EB2-F850-4CA7-AD74-6A7572B0A70C}
	EndGlobalSection
EndGlobal
