
Microsoft Visual Studio Solution File, Format Version 12.00
# Visual Studio Version 17
VisualStudioVersion = 17.4.33205.214
MinimumVisualStudioVersion = 10.0.40219.1
Project("{2150E333-8FDC-42A3-9474-1A3956D46DE8}") = "Data", "Data", "{A26C2D50-B551-4315-8F22-1185733516D5}"
EndProject
Project("{2150E333-8FDC-42A3-9474-1A3956D46DE8}") = "Services", "Services", "{75A81E56-F044-4768-B27F-399F60D73487}"
EndProject
Project("{2150E333-8FDC-42A3-9474-1A3956D46DE8}") = "Shared", "Shared", "{396A76A8-EA0E-400B-A4D5-79415BF83F76}"
EndProject
Project("{2150E333-8FDC-42A3-9474-1A3956D46DE8}") = "Systems", "Systems", "{F86712B0-1132-45E6-A324-61C1AE5D56D4}"
EndProject
Project("{9A19103F-16F7-4668-BE54-9A1E7A4F7556}") = "Rewriting.API", "Systems\Rewriting.API\Rewriting.API.csproj", "{16A2D659-99AF-4276-9B4B-39D9F6E2CC0D}"
EndProject
Project("{E53339B2-1760-4266-BCC7-CA923CBCF16C}") = "docker-compose", "docker-compose.dcproj", "{E220AB7B-430F-4B16-8546-1CFCACC818E8}"
EndProject
Project("{FAE04EC0-301F-11D3-BF4B-00C04F79EFBC}") = "Rewriting.Context.Entities", "Data\Rewriting.Context.Entities\Rewriting.Context.Entities.csproj", "{B9554DA2-8FA4-4BE1-9D4E-21947948613E}"
EndProject
Global
	GlobalSection(SolutionConfigurationPlatforms) = preSolution
		Debug|Any CPU = Debug|Any CPU
		Release|Any CPU = Release|Any CPU
	EndGlobalSection
	GlobalSection(ProjectConfigurationPlatforms) = postSolution
		{16A2D659-99AF-4276-9B4B-39D9F6E2CC0D}.Debug|Any CPU.ActiveCfg = Debug|Any CPU
		{16A2D659-99AF-4276-9B4B-39D9F6E2CC0D}.Debug|Any CPU.Build.0 = Debug|Any CPU
		{16A2D659-99AF-4276-9B4B-39D9F6E2CC0D}.Release|Any CPU.ActiveCfg = Release|Any CPU
		{16A2D659-99AF-4276-9B4B-39D9F6E2CC0D}.Release|Any CPU.Build.0 = Release|Any CPU
		{E220AB7B-430F-4B16-8546-1CFCACC818E8}.Debug|Any CPU.ActiveCfg = Debug|Any CPU
		{E220AB7B-430F-4B16-8546-1CFCACC818E8}.Debug|Any CPU.Build.0 = Debug|Any CPU
		{E220AB7B-430F-4B16-8546-1CFCACC818E8}.Release|Any CPU.ActiveCfg = Release|Any CPU
		{E220AB7B-430F-4B16-8546-1CFCACC818E8}.Release|Any CPU.Build.0 = Release|Any CPU
		{B9554DA2-8FA4-4BE1-9D4E-21947948613E}.Debug|Any CPU.ActiveCfg = Debug|Any CPU
		{B9554DA2-8FA4-4BE1-9D4E-21947948613E}.Debug|Any CPU.Build.0 = Debug|Any CPU
		{B9554DA2-8FA4-4BE1-9D4E-21947948613E}.Release|Any CPU.ActiveCfg = Release|Any CPU
		{B9554DA2-8FA4-4BE1-9D4E-21947948613E}.Release|Any CPU.Build.0 = Release|Any CPU
	EndGlobalSection
	GlobalSection(SolutionProperties) = preSolution
		HideSolutionNode = FALSE
	EndGlobalSection
	GlobalSection(NestedProjects) = preSolution
		{16A2D659-99AF-4276-9B4B-39D9F6E2CC0D} = {F86712B0-1132-45E6-A324-61C1AE5D56D4}
		{B9554DA2-8FA4-4BE1-9D4E-21947948613E} = {A26C2D50-B551-4315-8F22-1185733516D5}
	EndGlobalSection
	GlobalSection(ExtensibilityGlobals) = postSolution
		SolutionGuid = {7AC02EB2-F850-4CA7-AD74-6A7572B0A70C}
	EndGlobalSection
EndGlobal
