
Microsoft Visual Studio Solution File, Format Version 12.00
# Visual Studio Version 17
VisualStudioVersion = 17.4.33205.214
MinimumVisualStudioVersion = 10.0.40219.1
Project("{2150E333-8FDC-42A3-9474-1A3956D46DE8}") = "Data", "Data", "{A26C2D50-B551-4315-8F22-1185733516D5}"
EndProject
Project("{2150E333-8FDC-42A3-9474-1A3956D46DE8}") = "Services", "Services", "{75A81E56-F044-4768-B27F-399F60D73487}"
EndProject
Project("{2150E333-8FDC-42A3-9474-1A3956D46DE8}") = "Shared", "Shared", "{396A76A8-EA0E-400B-A4D5-79415BF83F76}"
EndProject
Project("{2150E333-8FDC-42A3-9474-1A3956D46DE8}") = "Systems", "Systems", "{F86712B0-1132-45E6-A324-61C1AE5D56D4}"
EndProject
Project("{9A19103F-16F7-4668-BE54-9A1E7A4F7556}") = "Rewriting.API", "Systems\Rewriting.API\Rewriting.API.csproj", "{16A2D659-99AF-4276-9B4B-39D9F6E2CC0D}"
EndProject
Project("{E53339B2-1760-4266-BCC7-CA923CBCF16C}") = "docker-compose", "docker-compose.dcproj", "{E220AB7B-430F-4B16-8546-1CFCACC818E8}"
EndProject
Project("{9A19103F-16F7-4668-BE54-9A1E7A4F7556}") = "Rewriting.Settings", "Shared\Rewriting.SettingsLoader\Rewriting.Settings.csproj", "{C65775E9-B3C4-480E-B326-11625FDFF0D8}"
EndProject
Project("{9A19103F-16F7-4668-BE54-9A1E7A4F7556}") = "Rewriting.Context.Entities", "Data\Rewriting.Context.Entities\Rewriting.Context.Entities.csproj", "{B9554DA2-8FA4-4BE1-9D4E-21947948613E}"
EndProject
Project("{9A19103F-16F7-4668-BE54-9A1E7A4F7556}") = "Rewriting.Context", "Data\Rewriting.Context\Rewriting.Context.csproj", "{03815568-88FB-42CA-A603-A10D5EE296AA}"
EndProject
Project("{2150E333-8FDC-42A3-9474-1A3956D46DE8}") = "Migrations", "Migrations", "{F2F87DCD-5B9F-4B7F-9E1C-EC08B1F98A0C}"
EndProject
Project("{9A19103F-16F7-4668-BE54-9A1E7A4F7556}") = "Rewriting.Context.Migrations", "Data\Rewriting.Context.Migrations\Rewriting.Context.Migrations.csproj", "{DFD82E08-3238-421B-9F4C-2FF9A6969ECD}"
EndProject
Project("{FAE04EC0-301F-11D3-BF4B-00C04F79EFBC}") = "Rewriting.Identity", "Systems\Rewriting.Identity\Rewriting.Identity.csproj", "{AA441C24-61C2-46E4-AB92-34E30528778D}"
EndProject
Project("{FAE04EC0-301F-11D3-BF4B-00C04F79EFBC}") = "Rewriting.Common", "Shared\Rewriting.Common\Rewriting.Common.csproj", "{1831F267-A7B4-4CF0-A267-62CBCDAAB839}"
EndProject
Global
	GlobalSection(SolutionConfigurationPlatforms) = preSolution
		Debug|Any CPU = Debug|Any CPU
		Release|Any CPU = Release|Any CPU
	EndGlobalSection
	GlobalSection(ProjectConfigurationPlatforms) = postSolution
		{16A2D659-99AF-4276-9B4B-39D9F6E2CC0D}.Debug|Any CPU.ActiveCfg = Debug|Any CPU
		{16A2D659-99AF-4276-9B4B-39D9F6E2CC0D}.Debug|Any CPU.Build.0 = Debug|Any CPU
		{16A2D659-99AF-4276-9B4B-39D9F6E2CC0D}.Release|Any CPU.ActiveCfg = Release|Any CPU
		{16A2D659-99AF-4276-9B4B-39D9F6E2CC0D}.Release|Any CPU.Build.0 = Release|Any CPU
		{E220AB7B-430F-4B16-8546-1CFCACC818E8}.Debug|Any CPU.ActiveCfg = Debug|Any CPU
		{E220AB7B-430F-4B16-8546-1CFCACC818E8}.Debug|Any CPU.Build.0 = Debug|Any CPU
		{E220AB7B-430F-4B16-8546-1CFCACC818E8}.Release|Any CPU.ActiveCfg = Release|Any CPU
		{E220AB7B-430F-4B16-8546-1CFCACC818E8}.Release|Any CPU.Build.0 = Release|Any CPU
		{C65775E9-B3C4-480E-B326-11625FDFF0D8}.Debug|Any CPU.ActiveCfg = Debug|Any CPU
		{C65775E9-B3C4-480E-B326-11625FDFF0D8}.Debug|Any CPU.Build.0 = Debug|Any CPU
		{C65775E9-B3C4-480E-B326-11625FDFF0D8}.Release|Any CPU.ActiveCfg = Release|Any CPU
		{C65775E9-B3C4-480E-B326-11625FDFF0D8}.Release|Any CPU.Build.0 = Release|Any CPU
		{B9554DA2-8FA4-4BE1-9D4E-21947948613E}.Debug|Any CPU.ActiveCfg = Debug|Any CPU
		{B9554DA2-8FA4-4BE1-9D4E-21947948613E}.Debug|Any CPU.Build.0 = Debug|Any CPU
		{B9554DA2-8FA4-4BE1-9D4E-21947948613E}.Release|Any CPU.ActiveCfg = Release|Any CPU
		{B9554DA2-8FA4-4BE1-9D4E-21947948613E}.Release|Any CPU.Build.0 = Release|Any CPU
		{03815568-88FB-42CA-A603-A10D5EE296AA}.Debug|Any CPU.ActiveCfg = Debug|Any CPU
		{03815568-88FB-42CA-A603-A10D5EE296AA}.Debug|Any CPU.Build.0 = Debug|Any CPU
		{03815568-88FB-42CA-A603-A10D5EE296AA}.Release|Any CPU.ActiveCfg = Release|Any CPU
		{03815568-88FB-42CA-A603-A10D5EE296AA}.Release|Any CPU.Build.0 = Release|Any CPU
		{DFD82E08-3238-421B-9F4C-2FF9A6969ECD}.Debug|Any CPU.ActiveCfg = Debug|Any CPU
		{DFD82E08-3238-421B-9F4C-2FF9A6969ECD}.Debug|Any CPU.Build.0 = Debug|Any CPU
		{DFD82E08-3238-421B-9F4C-2FF9A6969ECD}.Release|Any CPU.ActiveCfg = Release|Any CPU
		{DFD82E08-3238-421B-9F4C-2FF9A6969ECD}.Release|Any CPU.Build.0 = Release|Any CPU
		{AA441C24-61C2-46E4-AB92-34E30528778D}.Debug|Any CPU.ActiveCfg = Debug|Any CPU
		{AA441C24-61C2-46E4-AB92-34E30528778D}.Debug|Any CPU.Build.0 = Debug|Any CPU
		{AA441C24-61C2-46E4-AB92-34E30528778D}.Release|Any CPU.ActiveCfg = Release|Any CPU
		{AA441C24-61C2-46E4-AB92-34E30528778D}.Release|Any CPU.Build.0 = Release|Any CPU
		{1831F267-A7B4-4CF0-A267-62CBCDAAB839}.Debug|Any CPU.ActiveCfg = Debug|Any CPU
		{1831F267-A7B4-4CF0-A267-62CBCDAAB839}.Debug|Any CPU.Build.0 = Debug|Any CPU
		{1831F267-A7B4-4CF0-A267-62CBCDAAB839}.Release|Any CPU.ActiveCfg = Release|Any CPU
		{1831F267-A7B4-4CF0-A267-62CBCDAAB839}.Release|Any CPU.Build.0 = Release|Any CPU
	EndGlobalSection
	GlobalSection(SolutionProperties) = preSolution
		HideSolutionNode = FALSE
	EndGlobalSection
	GlobalSection(NestedProjects) = preSolution
		{16A2D659-99AF-4276-9B4B-39D9F6E2CC0D} = {F86712B0-1132-45E6-A324-61C1AE5D56D4}
		{C65775E9-B3C4-480E-B326-11625FDFF0D8} = {396A76A8-EA0E-400B-A4D5-79415BF83F76}
		{B9554DA2-8FA4-4BE1-9D4E-21947948613E} = {A26C2D50-B551-4315-8F22-1185733516D5}
		{03815568-88FB-42CA-A603-A10D5EE296AA} = {A26C2D50-B551-4315-8F22-1185733516D5}
		{F2F87DCD-5B9F-4B7F-9E1C-EC08B1F98A0C} = {A26C2D50-B551-4315-8F22-1185733516D5}
		{DFD82E08-3238-421B-9F4C-2FF9A6969ECD} = {F2F87DCD-5B9F-4B7F-9E1C-EC08B1F98A0C}
		{AA441C24-61C2-46E4-AB92-34E30528778D} = {F86712B0-1132-45E6-A324-61C1AE5D56D4}
		{1831F267-A7B4-4CF0-A267-62CBCDAAB839} = {396A76A8-EA0E-400B-A4D5-79415BF83F76}
	EndGlobalSection
	GlobalSection(ExtensibilityGlobals) = postSolution
		SolutionGuid = {7AC02EB2-F850-4CA7-AD74-6A7572B0A70C}
	EndGlobalSection
EndGlobal
